
Microsoft Visual Studio Solution File, Format Version 12.00
# Visual Studio Version 16
VisualStudioVersion = 16.0.30523.141
MinimumVisualStudioVersion = 10.0.40219.1
Project("{9A19103F-16F7-4668-BE54-9A1E7A4F7556}") = "Assignment2", "Assignment2\Assignment2.csproj", "{D699FE23-4C2A-4236-BABA-6F990728CA9F}"
EndProject
Global
	GlobalSection(SolutionConfigurationPlatforms) = preSolution
		Debug|Any CPU = Debug|Any CPU
		Release|Any CPU = Release|Any CPU
	EndGlobalSection
	GlobalSection(ProjectConfigurationPlatforms) = postSolution
		{D699FE23-4C2A-4236-BABA-6F990728CA9F}.Debug|Any CPU.ActiveCfg = Debug|Any CPU
		{D699FE23-4C2A-4236-BABA-6F990728CA9F}.Debug|Any CPU.Build.0 = Debug|Any CPU
		{D699FE23-4C2A-4236-BABA-6F990728CA9F}.Release|Any CPU.ActiveCfg = Release|Any CPU
		{D699FE23-4C2A-4236-BABA-6F990728CA9F}.Release|Any CPU.Build.0 = Release|Any CPU
	EndGlobalSection
	GlobalSection(SolutionProperties) = preSolution
		HideSolutionNode = FALSE
	EndGlobalSection
	GlobalSection(ExtensibilityGlobals) = postSolution
		SolutionGuid = {23F8DB87-2F57-4415-9294-9585608D480C}
	EndGlobalSection
EndGlobal
